
Microsoft Visual Studio Solution File, Format Version 12.00
# Visual Studio Version 17
VisualStudioVersion = 17.11.35312.102
MinimumVisualStudioVersion = 10.0.40219.1
Project("{FAE04EC0-301F-11D3-BF4B-00C04F79EFBC}") = "Listas", "Listas.csproj", "{279A31B7-234E-4993-8D16-9FEAEE6570DF}"
EndProject
Global
	GlobalSection(SolutionConfigurationPlatforms) = preSolution
		Debug|Any CPU = Debug|Any CPU
		Release|Any CPU = Release|Any CPU
	EndGlobalSection
	GlobalSection(ProjectConfigurationPlatforms) = postSolution
		{279A31B7-234E-4993-8D16-9FEAEE6570DF}.Debug|Any CPU.ActiveCfg = Debug|Any CPU
		{279A31B7-234E-4993-8D16-9FEAEE6570DF}.Debug|Any CPU.Build.0 = Debug|Any CPU
		{279A31B7-234E-4993-8D16-9FEAEE6570DF}.Release|Any CPU.ActiveCfg = Release|Any CPU
		{279A31B7-234E-4993-8D16-9FEAEE6570DF}.Release|Any CPU.Build.0 = Release|Any CPU
	EndGlobalSection
	GlobalSection(SolutionProperties) = preSolution
		HideSolutionNode = FALSE
	EndGlobalSection
	GlobalSection(ExtensibilityGlobals) = postSolution
		SolutionGuid = {8DFFCA70-EB87-41D6-ABC6-3813D03D69B1}
	EndGlobalSection
EndGlobal
